// !$*UTF8*$!
{
	archiveVersion = 1;
	classes = {
	};
	objectVersion = 50;
	objects = {

/* Begin PBXBuildFile section */
		C6E87BF523B8741B00856046 /* AppDelegate.swift in Sources */ = {isa = PBXBuildFile; fileRef = C6E87BF423B8741B00856046 /* AppDelegate.swift */; };
		C6E87BF723B8741B00856046 /* SceneDelegate.swift in Sources */ = {isa = PBXBuildFile; fileRef = C6E87BF623B8741B00856046 /* SceneDelegate.swift */; };
		C6E87BF923B8741B00856046 /* ShowViewController.swift in Sources */ = {isa = PBXBuildFile; fileRef = C6E87BF823B8741B00856046 /* ShowViewController.swift */; };
		C6E87BFC23B8741B00856046 /* Main.storyboard in Resources */ = {isa = PBXBuildFile; fileRef = C6E87BFA23B8741B00856046 /* Main.storyboard */; };
		C6E87BFE23B8742700856046 /* Assets.xcassets in Resources */ = {isa = PBXBuildFile; fileRef = C6E87BFD23B8742700856046 /* Assets.xcassets */; };
		C6E87C0123B8742700856046 /* LaunchScreen.storyboard in Resources */ = {isa = PBXBuildFile; fileRef = C6E87BFF23B8742700856046 /* LaunchScreen.storyboard */; };
		C6E87C0923B8755A00856046 /* AddViewController.swift in Sources */ = {isa = PBXBuildFile; fileRef = C6E87C0823B8755A00856046 /* AddViewController.swift */; };
		C6E87C0B23B87B1900856046 /* ShowTableViewCell.swift in Sources */ = {isa = PBXBuildFile; fileRef = C6E87C0A23B87B1900856046 /* ShowTableViewCell.swift */; };
		C6E87C0E23B87EB100856046 /* Model.xcdatamodeld in Sources */ = {isa = PBXBuildFile; fileRef = C6E87C0C23B87EB100856046 /* Model.xcdatamodeld */; };
		C6E87C3323B8AE1200856046 /* TableViewController.swift in Sources */ = {isa = PBXBuildFile; fileRef = C6E87C3223B8AE1200856046 /* TableViewController.swift */; };
/* End PBXBuildFile section */

/* Begin PBXFileReference section */
		C6E87BF123B8741B00856046 /* ExpanseManager.app */ = {isa = PBXFileReference; explicitFileType = wrapper.application; includeInIndex = 0; path = ExpanseManager.app; sourceTree = BUILT_PRODUCTS_DIR; };
		C6E87BF423B8741B00856046 /* AppDelegate.swift */ = {isa = PBXFileReference; lastKnownFileType = sourcecode.swift; path = AppDelegate.swift; sourceTree = "<group>"; };
		C6E87BF623B8741B00856046 /* SceneDelegate.swift */ = {isa = PBXFileReference; lastKnownFileType = sourcecode.swift; path = SceneDelegate.swift; sourceTree = "<group>"; };
		C6E87BF823B8741B00856046 /* ShowViewController.swift */ = {isa = PBXFileReference; lastKnownFileType = sourcecode.swift; path = ShowViewController.swift; sourceTree = "<group>"; };
		C6E87BFB23B8741B00856046 /* Base */ = {isa = PBXFileReference; lastKnownFileType = file.storyboard; name = Base; path = Base.lproj/Main.storyboard; sourceTree = "<group>"; };
		C6E87BFD23B8742700856046 /* Assets.xcassets */ = {isa = PBXFileReference; lastKnownFileType = folder.assetcatalog; path = Assets.xcassets; sourceTree = "<group>"; };
		C6E87C0023B8742700856046 /* Base */ = {isa = PBXFileReference; lastKnownFileType = file.storyboard; name = Base; path = Base.lproj/LaunchScreen.storyboard; sourceTree = "<group>"; };
		C6E87C0223B8742700856046 /* Info.plist */ = {isa = PBXFileReference; lastKnownFileType = text.plist.xml; path = Info.plist; sourceTree = "<group>"; };
		C6E87C0823B8755A00856046 /* AddViewController.swift */ = {isa = PBXFileReference; lastKnownFileType = sourcecode.swift; path = AddViewController.swift; sourceTree = "<group>"; };
		C6E87C0A23B87B1900856046 /* ShowTableViewCell.swift */ = {isa = PBXFileReference; lastKnownFileType = sourcecode.swift; path = ShowTableViewCell.swift; sourceTree = "<group>"; };
		C6E87C0D23B87EB100856046 /* Model.xcdatamodel */ = {isa = PBXFileReference; lastKnownFileType = wrapper.xcdatamodel; path = Model.xcdatamodel; sourceTree = "<group>"; };
		C6E87C3223B8AE1200856046 /* TableViewController.swift */ = {isa = PBXFileReference; lastKnownFileType = sourcecode.swift; path = TableViewController.swift; sourceTree = "<group>"; };
/* End PBXFileReference section */

/* Begin PBXFrameworksBuildPhase section */
		C6E87BEE23B8741B00856046 /* Frameworks */ = {
			isa = PBXFrameworksBuildPhase;
			buildActionMask = 2147483647;
			files = (
			);
			runOnlyForDeploymentPostprocessing = 0;
		};
/* End PBXFrameworksBuildPhase section */

/* Begin PBXGroup section */
		C6E87BE823B8741B00856046 = {
			isa = PBXGroup;
			children = (
				C6E87BF323B8741B00856046 /* ExpanseManager */,
				C6E87BF223B8741B00856046 /* Products */,
			);
			sourceTree = "<group>";
		};
		C6E87BF223B8741B00856046 /* Products */ = {
			isa = PBXGroup;
			children = (
				C6E87BF123B8741B00856046 /* ExpanseManager.app */,
			);
			name = Products;
			sourceTree = "<group>";
		};
		C6E87BF323B8741B00856046 /* ExpanseManager */ = {
			isa = PBXGroup;
			children = (
				C6E87BF423B8741B00856046 /* AppDelegate.swift */,
				C6E87BF623B8741B00856046 /* SceneDelegate.swift */,
				C6E87BF823B8741B00856046 /* ShowViewController.swift */,
				C6E87C0A23B87B1900856046 /* ShowTableViewCell.swift */,
				C6E87C0823B8755A00856046 /* AddViewController.swift */,
				C6E87BFA23B8741B00856046 /* Main.storyboard */,
				C6E87BFD23B8742700856046 /* Assets.xcassets */,
				C6E87BFF23B8742700856046 /* LaunchScreen.storyboard */,
				C6E87C0223B8742700856046 /* Info.plist */,
				C6E87C0C23B87EB100856046 /* Model.xcdatamodeld */,
				C6E87C3223B8AE1200856046 /* TableViewController.swift */,
			);
			path = ExpanseManager;
			sourceTree = "<group>";
		};
/* End PBXGroup section */

/* Begin PBXNativeTarget section */
		C6E87BF023B8741B00856046 /* ExpanseManager */ = {
			isa = PBXNativeTarget;
			buildConfigurationList = C6E87C0523B8742700856046 /* Build configuration list for PBXNativeTarget "ExpanseManager" */;
			buildPhases = (
				C6E87BED23B8741B00856046 /* Sources */,
				C6E87BEE23B8741B00856046 /* Frameworks */,
				C6E87BEF23B8741B00856046 /* Resources */,
			);
			buildRules = (
			);
			dependencies = (
			);
			name = ExpanseManager;
			productName = ExpanseManager;
			productReference = C6E87BF123B8741B00856046 /* ExpanseManager.app */;
			productType = "com.apple.product-type.application";
		};
/* End PBXNativeTarget section */

/* Begin PBXProject section */
		C6E87BE923B8741B00856046 /* Project object */ = {
			isa = PBXProject;
			attributes = {
				LastSwiftUpdateCheck = 1110;
				LastUpgradeCheck = 1110;
				ORGANIZATIONNAME = "Yasin Shamrat";
				TargetAttributes = {
					C6E87BF023B8741B00856046 = {
						CreatedOnToolsVersion = 11.1;
					};
				};
			};
			buildConfigurationList = C6E87BEC23B8741B00856046 /* Build configuration list for PBXProject "ExpanseManager" */;
			compatibilityVersion = "Xcode 9.3";
			developmentRegion = en;
			hasScannedForEncodings = 0;
			knownRegions = (
				en,
				Base,
			);
			mainGroup = C6E87BE823B8741B00856046;
			productRefGroup = C6E87BF223B8741B00856046 /* Products */;
			projectDirPath = "";
			projectRoot = "";
			targets = (
				C6E87BF023B8741B00856046 /* ExpanseManager */,
			);
		};
/* End PBXProject section */

/* Begin PBXResourcesBuildPhase section */
		C6E87BEF23B8741B00856046 /* Resources */ = {
			isa = PBXResourcesBuildPhase;
			buildActionMask = 2147483647;
			files = (
				C6E87C0123B8742700856046 /* LaunchScreen.storyboard in Resources */,
				C6E87BFE23B8742700856046 /* Assets.xcassets in Resources */,
				C6E87BFC23B8741B00856046 /* Main.storyboard in Resources */,
			);
			runOnlyForDeploymentPostprocessing = 0;
		};
/* End PBXResourcesBuildPhase section */

/* Begin PBXSourcesBuildPhase section */
		C6E87BED23B8741B00856046 /* Sources */ = {
			isa = PBXSourcesBuildPhase;
			buildActionMask = 2147483647;
			files = (
				C6E87BF923B8741B00856046 /* ShowViewController.swift in Sources */,
				C6E87C3323B8AE1200856046 /* TableViewController.swift in Sources */,
				C6E87BF523B8741B00856046 /* AppDelegate.swift in Sources */,
				C6E87C0923B8755A00856046 /* AddViewController.swift in Sources */,
				C6E87C0B23B87B1900856046 /* ShowTableViewCell.swift in Sources */,
				C6E87BF723B8741B00856046 /* SceneDelegate.swift in Sources */,
				C6E87C0E23B87EB100856046 /* Model.xcdatamodeld in Sources */,
			);
			runOnlyForDeploymentPostprocessing = 0;
		};
/* End PBXSourcesBuildPhase section */

/* Begin PBXVariantGroup section */
		C6E87BFA23B8741B00856046 /* Main.storyboard */ = {
			isa = PBXVariantGroup;
			children = (
				C6E87BFB23B8741B00856046 /* Base */,
			);
			name = Main.storyboard;
			sourceTree = "<group>";
		};
		C6E87BFF23B8742700856046 /* LaunchScreen.storyboard */ = {
			isa = PBXVariantGroup;
			children = (
				C6E87C0023B8742700856046 /* Base */,
			);
			name = LaunchScreen.storyboard;
			sourceTree = "<group>";
		};
/* End PBXVariantGroup section */

/* Begin XCBuildConfiguration section */
		C6E87C0323B8742700856046 /* Debug */ = {
			isa = XCBuildConfiguration;
			buildSettings = {
				ALWAYS_SEARCH_USER_PATHS = NO;
				CLANG_ANALYZER_NONNULL = YES;
				CLANG_ANALYZER_NUMBER_OBJECT_CONVERSION = YES_AGGRESSIVE;
				CLANG_CXX_LANGUAGE_STANDARD = "gnu++14";
				CLANG_CXX_LIBRARY = "libc++";
				CLANG_ENABLE_MODULES = YES;
				CLANG_ENABLE_OBJC_ARC = YES;
				CLANG_ENABLE_OBJC_WEAK = YES;
				CLANG_WARN_BLOCK_CAPTURE_AUTORELEASING = YES;
				CLANG_WARN_BOOL_CONVERSION = YES;
				CLANG_WARN_COMMA = YES;
				CLANG_WARN_CONSTANT_CONVERSION = YES;
				CLANG_WARN_DEPRECATED_OBJC_IMPLEMENTATIONS = YES;
				CLANG_WARN_DIRECT_OBJC_ISA_USAGE = YES_ERROR;
				CLANG_WARN_DOCUMENTATION_COMMENTS = YES;
				CLANG_WARN_EMPTY_BODY = YES;
				CLANG_WARN_ENUM_CONVERSION = YES;
				CLANG_WARN_INFINITE_RECURSION = YES;
				CLANG_WARN_INT_CONVERSION = YES;
				CLANG_WARN_NON_LITERAL_NULL_CONVERSION = YES;
				CLANG_WARN_OBJC_IMPLICIT_RETAIN_SELF = YES;
				CLANG_WARN_OBJC_LITERAL_CONVERSION = YES;
				CLANG_WARN_OBJC_ROOT_CLASS = YES_ERROR;
				CLANG_WARN_RANGE_LOOP_ANALYSIS = YES;
				CLANG_WARN_STRICT_PROTOTYPES = YES;
				CLANG_WARN_SUSPICIOUS_MOVE = YES;
				CLANG_WARN_UNGUARDED_AVAILABILITY = YES_AGGRESSIVE;
				CLANG_WARN_UNREACHABLE_CODE = YES;
				CLANG_WARN__DUPLICATE_METHOD_MATCH = YES;
				COPY_PHASE_STRIP = NO;
				DEBUG_INFORMATION_FORMAT = dwarf;
				ENABLE_STRICT_OBJC_MSGSEND = YES;
				ENABLE_TESTABILITY = YES;
				GCC_C_LANGUAGE_STANDARD = gnu11;
				GCC_DYNAMIC_NO_PIC = NO;
				GCC_NO_COMMON_BLOCKS = YES;
				GCC_OPTIMIZATION_LEVEL = 0;
				GCC_PREPROCESSOR_DEFINITIONS = (
					"DEBUG=1",
					"$(inherited)",
				);
				GCC_WARN_64_TO_32_BIT_CONVERSION = YES;
				GCC_WARN_ABOUT_RETURN_TYPE = YES_ERROR;
				GCC_WARN_UNDECLARED_SELECTOR = YES;
				GCC_WARN_UNINITIALIZED_AUTOS = YES_AGGRESSIVE;
				GCC_WARN_UNUSED_FUNCTION = YES;
				GCC_WARN_UNUSED_VARIABLE = YES;
				IPHONEOS_DEPLOYMENT_TARGET = 13.1;
				MTL_ENABLE_DEBUG_INFO = INCLUDE_SOURCE;
				MTL_FAST_MATH = YES;
				ONLY_ACTIVE_ARCH = YES;
				SDKROOT = iphoneos;
				SWIFT_ACTIVE_COMPILATION_CONDITIONS = DEBUG;
				SWIFT_OPTIMIZATION_LEVEL = "-Onone";
			};
			name = Debug;
		};
		C6E87C0423B8742700856046 /* Release */ = {
			isa = XCBuildConfiguration;
			buildSettings = {
				ALWAYS_SEARCH_USER_PATHS = NO;
				CLANG_ANALYZER_NONNULL = YES;
				CLANG_ANALYZER_NUMBER_OBJECT_CONVERSION = YES_AGGRESSIVE;
				CLANG_CXX_LANGUAGE_STANDARD = "gnu++14";
				CLANG_CXX_LIBRARY = "libc++";
				CLANG_ENABLE_MODULES = YES;
				CLANG_ENABLE_OBJC_ARC = YES;
				CLANG_ENABLE_OBJC_WEAK = YES;
				CLANG_WARN_BLOCK_CAPTURE_AUTORELEASING = YES;
				CLANG_WARN_BOOL_CONVERSION = YES;
				CLANG_WARN_COMMA = YES;
				CLANG_WARN_CONSTANT_CONVERSION = YES;
				CLANG_WARN_DEPRECATED_OBJC_IMPLEMENTATIONS = YES;
				CLANG_WARN_DIRECT_OBJC_ISA_USAGE = YES_ERROR;
				CLANG_WARN_DOCUMENTATION_COMMENTS = YES;
				CLANG_WARN_EMPTY_BODY = YES;
				CLANG_WARN_ENUM_CONVERSION = YES;
				CLANG_WARN_INFINITE_RECURSION = YES;
				CLANG_WARN_INT_CONVERSION = YES;
				CLANG_WARN_NON_LITERAL_NULL_CONVERSION = YES;
				CLANG_WARN_OBJC_IMPLICIT_RETAIN_SELF = YES;
				CLANG_WARN_OBJC_LITERAL_CONVERSION = YES;
				CLANG_WARN_OBJC_ROOT_CLASS = YES_ERROR;
				CLANG_WARN_RANGE_LOOP_ANALYSIS = YES;
				CLANG_WARN_STRICT_PROTOTYPES = YES;
				CLANG_WARN_SUSPICIOUS_MOVE = YES;
				CLANG_WARN_UNGUARDED_AVAILABILITY = YES_AGGRESSIVE;
				CLANG_WARN_UNREACHABLE_CODE = YES;
				CLANG_WARN__DUPLICATE_METHOD_MATCH = YES;
				COPY_PHASE_STRIP = NO;
				DEBUG_INFORMATION_FORMAT = "dwarf-with-dsym";
				ENABLE_NS_ASSERTIONS = NO;
				ENABLE_STRICT_OBJC_MSGSEND = YES;
				GCC_C_LANGUAGE_STANDARD = gnu11;
				GCC_NO_COMMON_BLOCKS = YES;
				GCC_WARN_64_TO_32_BIT_CONVERSION = YES;
				GCC_WARN_ABOUT_RETURN_TYPE = YES_ERROR;
				GCC_WARN_UNDECLARED_SELECTOR = YES;
				GCC_WARN_UNINITIALIZED_AUTOS = YES_AGGRESSIVE;
				GCC_WARN_UNUSED_FUNCTION = YES;
				GCC_WARN_UNUSED_VARIABLE = YES;
				IPHONEOS_DEPLOYMENT_TARGET = 13.1;
				MTL_ENABLE_DEBUG_INFO = NO;
				MTL_FAST_MATH = YES;
				SDKROOT = iphoneos;
				SWIFT_COMPILATION_MODE = wholemodule;
				SWIFT_OPTIMIZATION_LEVEL = "-O";
				VALIDATE_PRODUCT = YES;
			};
			name = Release;
		};
		C6E87C0623B8742700856046 /* Debug */ = {
			isa = XCBuildConfiguration;
			buildSettings = {
				ASSETCATALOG_COMPILER_APPICON_NAME = AppIcon;
				CODE_SIGN_STYLE = Automatic;
				INFOPLIST_FILE = ExpanseManager/Info.plist;
				LD_RUNPATH_SEARCH_PATHS = (
					"$(inherited)",
					"@executable_path/Frameworks",
				);
				PRODUCT_BUNDLE_IDENTIFIER = com.shamrat.ExpanseManager;
				PRODUCT_NAME = "$(TARGET_NAME)";
				SWIFT_VERSION = 5.0;
				TARGETED_DEVICE_FAMILY = "1,2";
			};
			name = Debug;
		};
		C6E87C0723B8742700856046 /* Release */ = {
			isa = XCBuildConfiguration;
			buildSettings = {
				ASSETCATALOG_COMPILER_APPICON_NAME = AppIcon;
				CODE_SIGN_STYLE = Automatic;
				INFOPLIST_FILE = ExpanseManager/Info.plist;
				LD_RUNPATH_SEARCH_PATHS = (
					"$(inherited)",
					"@executable_path/Frameworks",
				);
				PRODUCT_BUNDLE_IDENTIFIER = com.shamrat.ExpanseManager;
				PRODUCT_NAME = "$(TARGET_NAME)";
				SWIFT_VERSION = 5.0;
				TARGETED_DEVICE_FAMILY = "1,2";
			};
			name = Release;
		};
/* End XCBuildConfiguration section */

/* Begin XCConfigurationList section */
		C6E87BEC23B8741B00856046 /* Build configuration list for PBXProject "ExpanseManager" */ = {
			isa = XCConfigurationList;
			buildConfigurations = (
				C6E87C0323B8742700856046 /* Debug */,
				C6E87C0423B8742700856046 /* Release */,
			);
			defaultConfigurationIsVisible = 0;
			defaultConfigurationName = Release;
		};
		C6E87C0523B8742700856046 /* Build configuration list for PBXNativeTarget "ExpanseManager" */ = {
			isa = XCConfigurationList;
			buildConfigurations = (
				C6E87C0623B8742700856046 /* Debug */,
				C6E87C0723B8742700856046 /* Release */,
			);
			defaultConfigurationIsVisible = 0;
			defaultConfigurationName = Release;
		};
/* End XCConfigurationList section */

/* Begin XCVersionGroup section */
		C6E87C0C23B87EB100856046 /* Model.xcdatamodeld */ = {
			isa = XCVersionGroup;
			children = (
				C6E87C0D23B87EB100856046 /* Model.xcdatamodel */,
			);
			currentVersion = C6E87C0D23B87EB100856046 /* Model.xcdatamodel */;
			path = Model.xcdatamodeld;
			sourceTree = "<group>";
			versionGroupType = wrapper.xcdatamodel;
		};
/* End XCVersionGroup section */
	};
	rootObject = C6E87BE923B8741B00856046 /* Project object */;
}
